
Microsoft Visual Studio Solution File, Format Version 12.00
# Visual Studio Version 16
VisualStudioVersion = 16.0.31321.278
MinimumVisualStudioVersion = 10.0.40219.1
Project("{8BC9CEB8-8B4A-11D0-8D11-00A0C91BC942}") = "Adding-first-name-and-last-name-using-string-concartination-", "Adding-first-name-and-last-name-using-string-concartination-.vcxproj", "{F0289182-8769-48EC-AAFA-F7EF8E118B96}"
EndProject
Global
	GlobalSection(SolutionConfigurationPlatforms) = preSolution
		Debug|x64 = Debug|x64
		Debug|x86 = Debug|x86
		Release|x64 = Release|x64
		Release|x86 = Release|x86
	EndGlobalSection
	GlobalSection(ProjectConfigurationPlatforms) = postSolution
		{F0289182-8769-48EC-AAFA-F7EF8E118B96}.Debug|x64.ActiveCfg = Debug|x64
		{F0289182-8769-48EC-AAFA-F7EF8E118B96}.Debug|x64.Build.0 = Debug|x64
		{F0289182-8769-48EC-AAFA-F7EF8E118B96}.Debug|x86.ActiveCfg = Debug|Win32
		{F0289182-8769-48EC-AAFA-F7EF8E118B96}.Debug|x86.Build.0 = Debug|Win32
		{F0289182-8769-48EC-AAFA-F7EF8E118B96}.Release|x64.ActiveCfg = Release|x64
		{F0289182-8769-48EC-AAFA-F7EF8E118B96}.Release|x64.Build.0 = Release|x64
		{F0289182-8769-48EC-AAFA-F7EF8E118B96}.Release|x86.ActiveCfg = Release|Win32
		{F0289182-8769-48EC-AAFA-F7EF8E118B96}.Release|x86.Build.0 = Release|Win32
	EndGlobalSection
	GlobalSection(SolutionProperties) = preSolution
		HideSolutionNode = FALSE
	EndGlobalSection
	GlobalSection(ExtensibilityGlobals) = postSolution
		SolutionGuid = {EEB036F2-59DF-4E04-A4E1-4335D456B891}
	EndGlobalSection
EndGlobal
